// !$*UTF8*$!
{
	archiveVersion = 1;
	classes = {
	};
	objectVersion = 50;
	objects = {

/* Begin PBXBuildFile section */
		A5D53CA325017E2900744C35 /* AppDelegate.swift in Sources */ = {isa = PBXBuildFile; fileRef = A5D53CA225017E2900744C35 /* AppDelegate.swift */; };
		A5D53CA525017E2900744C35 /* SceneDelegate.swift in Sources */ = {isa = PBXBuildFile; fileRef = A5D53CA425017E2900744C35 /* SceneDelegate.swift */; };
		A5D53CA725017E2900744C35 /* ContentView.swift in Sources */ = {isa = PBXBuildFile; fileRef = A5D53CA625017E2900744C35 /* ContentView.swift */; };
		A5D53CA925017E2C00744C35 /* Assets.xcassets in Resources */ = {isa = PBXBuildFile; fileRef = A5D53CA825017E2C00744C35 /* Assets.xcassets */; };
		A5D53CAC25017E2C00744C35 /* Preview Assets.xcassets in Resources */ = {isa = PBXBuildFile; fileRef = A5D53CAB25017E2C00744C35 /* Preview Assets.xcassets */; };
		A5D53CAF25017E2C00744C35 /* LaunchScreen.storyboard in Resources */ = {isa = PBXBuildFile; fileRef = A5D53CAD25017E2C00744C35 /* LaunchScreen.storyboard */; };
/* End PBXBuildFile section */

/* Begin PBXFileReference section */
		A5D53C9F25017E2900744C35 /* SwiftUIAuth.app */ = {isa = PBXFileReference; explicitFileType = wrapper.application; includeInIndex = 0; path = SwiftUIAuth.app; sourceTree = BUILT_PRODUCTS_DIR; };
		A5D53CA225017E2900744C35 /* AppDelegate.swift */ = {isa = PBXFileReference; lastKnownFileType = sourcecode.swift; path = AppDelegate.swift; sourceTree = "<group>"; };
		A5D53CA425017E2900744C35 /* SceneDelegate.swift */ = {isa = PBXFileReference; lastKnownFileType = sourcecode.swift; path = SceneDelegate.swift; sourceTree = "<group>"; };
		A5D53CA625017E2900744C35 /* ContentView.swift */ = {isa = PBXFileReference; lastKnownFileType = sourcecode.swift; path = ContentView.swift; sourceTree = "<group>"; };
		A5D53CA825017E2C00744C35 /* Assets.xcassets */ = {isa = PBXFileReference; lastKnownFileType = folder.assetcatalog; path = Assets.xcassets; sourceTree = "<group>"; };
		A5D53CAB25017E2C00744C35 /* Preview Assets.xcassets */ = {isa = PBXFileReference; lastKnownFileType = folder.assetcatalog; path = "Preview Assets.xcassets"; sourceTree = "<group>"; };
		A5D53CAE25017E2C00744C35 /* Base */ = {isa = PBXFileReference; lastKnownFileType = file.storyboard; name = Base; path = Base.lproj/LaunchScreen.storyboard; sourceTree = "<group>"; };
		A5D53CB025017E2C00744C35 /* Info.plist */ = {isa = PBXFileReference; lastKnownFileType = text.plist.xml; path = Info.plist; sourceTree = "<group>"; };
/* End PBXFileReference section */

/* Begin PBXFrameworksBuildPhase section */
		A5D53C9C25017E2900744C35 /* Frameworks */ = {
			isa = PBXFrameworksBuildPhase;
			buildActionMask = 2147483647;
			files = (
			);
			runOnlyForDeploymentPostprocessing = 0;
		};
/* End PBXFrameworksBuildPhase section */

/* Begin PBXGroup section */
		A5D53C9625017E2900744C35 = {
			isa = PBXGroup;
			children = (
				A5D53CA125017E2900744C35 /* SwiftUIAuth */,
				A5D53CA025017E2900744C35 /* Products */,
			);
			sourceTree = "<group>";
		};
		A5D53CA025017E2900744C35 /* Products */ = {
			isa = PBXGroup;
			children = (
				A5D53C9F25017E2900744C35 /* SwiftUIAuth.app */,
			);
			name = Products;
			sourceTree = "<group>";
		};
		A5D53CA125017E2900744C35 /* SwiftUIAuth */ = {
			isa = PBXGroup;
			children = (
				A5D53CA225017E2900744C35 /* AppDelegate.swift */,
				A5D53CA425017E2900744C35 /* SceneDelegate.swift */,
				A5D53CA625017E2900744C35 /* ContentView.swift */,
				A5D53CA825017E2C00744C35 /* Assets.xcassets */,
				A5D53CAD25017E2C00744C35 /* LaunchScreen.storyboard */,
				A5D53CB025017E2C00744C35 /* Info.plist */,
				A5D53CAA25017E2C00744C35 /* Preview Content */,
			);
			path = SwiftUIAuth;
			sourceTree = "<group>";
		};
		A5D53CAA25017E2C00744C35 /* Preview Content */ = {
			isa = PBXGroup;
			children = (
				A5D53CAB25017E2C00744C35 /* Preview Assets.xcassets */,
			);
			path = "Preview Content";
			sourceTree = "<group>";
		};
/* End PBXGroup section */

/* Begin PBXNativeTarget section */
		A5D53C9E25017E2900744C35 /* SwiftUIAuth */ = {
			isa = PBXNativeTarget;
			buildConfigurationList = A5D53CB325017E2C00744C35 /* Build configuration list for PBXNativeTarget "SwiftUIAuth" */;
			buildPhases = (
				A5D53C9B25017E2900744C35 /* Sources */,
				A5D53C9C25017E2900744C35 /* Frameworks */,
				A5D53C9D25017E2900744C35 /* Resources */,
			);
			buildRules = (
			);
			dependencies = (
			);
			name = SwiftUIAuth;
			productName = SwiftUIAuth;
			productReference = A5D53C9F25017E2900744C35 /* SwiftUIAuth.app */;
			productType = "com.apple.product-type.application";
		};
/* End PBXNativeTarget section */

/* Begin PBXProject section */
		A5D53C9725017E2900744C35 /* Project object */ = {
			isa = PBXProject;
			attributes = {
				LastSwiftUpdateCheck = 1160;
				LastUpgradeCheck = 1160;
				ORGANIZATIONNAME = "Karina Sarkisyan";
				TargetAttributes = {
					A5D53C9E25017E2900744C35 = {
						CreatedOnToolsVersion = 11.6;
					};
				};
			};
			buildConfigurationList = A5D53C9A25017E2900744C35 /* Build configuration list for PBXProject "SwiftUIAuth" */;
			compatibilityVersion = "Xcode 9.3";
			developmentRegion = en;
			hasScannedForEncodings = 0;
			knownRegions = (
				en,
				Base,
			);
			mainGroup = A5D53C9625017E2900744C35;
			productRefGroup = A5D53CA025017E2900744C35 /* Products */;
			projectDirPath = "";
			projectRoot = "";
			targets = (
				A5D53C9E25017E2900744C35 /* SwiftUIAuth */,
			);
		};
/* End PBXProject section */

/* Begin PBXResourcesBuildPhase section */
		A5D53C9D25017E2900744C35 /* Resources */ = {
			isa = PBXResourcesBuildPhase;
			buildActionMask = 2147483647;
			files = (
				A5D53CAF25017E2C00744C35 /* LaunchScreen.storyboard in Resources */,
				A5D53CAC25017E2C00744C35 /* Preview Assets.xcassets in Resources */,
				A5D53CA925017E2C00744C35 /* Assets.xcassets in Resources */,
			);
			runOnlyForDeploymentPostprocessing = 0;
		};
/* End PBXResourcesBuildPhase section */

/* Begin PBXSourcesBuildPhase section */
		A5D53C9B25017E2900744C35 /* Sources */ = {
			isa = PBXSourcesBuildPhase;
			buildActionMask = 2147483647;
			files = (
				A5D53CA325017E2900744C35 /* AppDelegate.swift in Sources */,
				A5D53CA525017E2900744C35 /* SceneDelegate.swift in Sources */,
				A5D53CA725017E2900744C35 /* ContentView.swift in Sources */,
			);
			runOnlyForDeploymentPostprocessing = 0;
		};
/* End PBXSourcesBuildPhase section */

/* Begin PBXVariantGroup section */
		A5D53CAD25017E2C00744C35 /* LaunchScreen.storyboard */ = {
			isa = PBXVariantGroup;
			children = (
				A5D53CAE25017E2C00744C35 /* Base */,
			);
			name = LaunchScreen.storyboard;
			sourceTree = "<group>";
		};
/* End PBXVariantGroup section */

/* Begin XCBuildConfiguration section */
		A5D53CB125017E2C00744C35 /* Debug */ = {
			isa = XCBuildConfiguration;
			buildSettings = {
				ALWAYS_SEARCH_USER_PATHS = NO;
				CLANG_ANALYZER_NONNULL = YES;
				CLANG_ANALYZER_NUMBER_OBJECT_CONVERSION = YES_AGGRESSIVE;
				CLANG_CXX_LANGUAGE_STANDARD = "gnu++14";
				CLANG_CXX_LIBRARY = "libc++";
				CLANG_ENABLE_MODULES = YES;
				CLANG_ENABLE_OBJC_ARC = YES;
				CLANG_ENABLE_OBJC_WEAK = YES;
				CLANG_WARN_BLOCK_CAPTURE_AUTORELEASING = YES;
				CLANG_WARN_BOOL_CONVERSION = YES;
				CLANG_WARN_COMMA = YES;
				CLANG_WARN_CONSTANT_CONVERSION = YES;
				CLANG_WARN_DEPRECATED_OBJC_IMPLEMENTATIONS = YES;
				CLANG_WARN_DIRECT_OBJC_ISA_USAGE = YES_ERROR;
				CLANG_WARN_DOCUMENTATION_COMMENTS = YES;
				CLANG_WARN_EMPTY_BODY = YES;
				CLANG_WARN_ENUM_CONVERSION = YES;
				CLANG_WARN_INFINITE_RECURSION = YES;
				CLANG_WARN_INT_CONVERSION = YES;
				CLANG_WARN_NON_LITERAL_NULL_CONVERSION = YES;
				CLANG_WARN_OBJC_IMPLICIT_RETAIN_SELF = YES;
				CLANG_WARN_OBJC_LITERAL_CONVERSION = YES;
				CLANG_WARN_OBJC_ROOT_CLASS = YES_ERROR;
				CLANG_WARN_RANGE_LOOP_ANALYSIS = YES;
				CLANG_WARN_STRICT_PROTOTYPES = YES;
				CLANG_WARN_SUSPICIOUS_MOVE = YES;
				CLANG_WARN_UNGUARDED_AVAILABILITY = YES_AGGRESSIVE;
				CLANG_WARN_UNREACHABLE_CODE = YES;
				CLANG_WARN__DUPLICATE_METHOD_MATCH = YES;
				COPY_PHASE_STRIP = NO;
				DEBUG_INFORMATION_FORMAT = dwarf;
				ENABLE_STRICT_OBJC_MSGSEND = YES;
				ENABLE_TESTABILITY = YES;
				GCC_C_LANGUAGE_STANDARD = gnu11;
				GCC_DYNAMIC_NO_PIC = NO;
				GCC_NO_COMMON_BLOCKS = YES;
				GCC_OPTIMIZATION_LEVEL = 0;
				GCC_PREPROCESSOR_DEFINITIONS = (
					"DEBUG=1",
					"$(inherited)",
				);
				GCC_WARN_64_TO_32_BIT_CONVERSION = YES;
				GCC_WARN_ABOUT_RETURN_TYPE = YES_ERROR;
				GCC_WARN_UNDECLARED_SELECTOR = YES;
				GCC_WARN_UNINITIALIZED_AUTOS = YES_AGGRESSIVE;
				GCC_WARN_UNUSED_FUNCTION = YES;
				GCC_WARN_UNUSED_VARIABLE = YES;
				IPHONEOS_DEPLOYMENT_TARGET = 13.6;
				MTL_ENABLE_DEBUG_INFO = INCLUDE_SOURCE;
				MTL_FAST_MATH = YES;
				ONLY_ACTIVE_ARCH = YES;
				SDKROOT = iphoneos;
				SWIFT_ACTIVE_COMPILATION_CONDITIONS = DEBUG;
				SWIFT_OPTIMIZATION_LEVEL = "-Onone";
			};
			name = Debug;
		};
		A5D53CB225017E2C00744C35 /* Release */ = {
			isa = XCBuildConfiguration;
			buildSettings = {
				ALWAYS_SEARCH_USER_PATHS = NO;
				CLANG_ANALYZER_NONNULL = YES;
				CLANG_ANALYZER_NUMBER_OBJECT_CONVERSION = YES_AGGRESSIVE;
				CLANG_CXX_LANGUAGE_STANDARD = "gnu++14";
				CLANG_CXX_LIBRARY = "libc++";
				CLANG_ENABLE_MODULES = YES;
				CLANG_ENABLE_OBJC_ARC = YES;
				CLANG_ENABLE_OBJC_WEAK = YES;
				CLANG_WARN_BLOCK_CAPTURE_AUTORELEASING = YES;
				CLANG_WARN_BOOL_CONVERSION = YES;
				CLANG_WARN_COMMA = YES;
				CLANG_WARN_CONSTANT_CONVERSION = YES;
				CLANG_WARN_DEPRECATED_OBJC_IMPLEMENTATIONS = YES;
				CLANG_WARN_DIRECT_OBJC_ISA_USAGE = YES_ERROR;
				CLANG_WARN_DOCUMENTATION_COMMENTS = YES;
				CLANG_WARN_EMPTY_BODY = YES;
				CLANG_WARN_ENUM_CONVERSION = YES;
				CLANG_WARN_INFINITE_RECURSION = YES;
				CLANG_WARN_INT_CONVERSION = YES;
				CLANG_WARN_NON_LITERAL_NULL_CONVERSION = YES;
				CLANG_WARN_OBJC_IMPLICIT_RETAIN_SELF = YES;
				CLANG_WARN_OBJC_LITERAL_CONVERSION = YES;
				CLANG_WARN_OBJC_ROOT_CLASS = YES_ERROR;
				CLANG_WARN_RANGE_LOOP_ANALYSIS = YES;
				CLANG_WARN_STRICT_PROTOTYPES = YES;
				CLANG_WARN_SUSPICIOUS_MOVE = YES;
				CLANG_WARN_UNGUARDED_AVAILABILITY = YES_AGGRESSIVE;
				CLANG_WARN_UNREACHABLE_CODE = YES;
				CLANG_WARN__DUPLICATE_METHOD_MATCH = YES;
				COPY_PHASE_STRIP = NO;
				DEBUG_INFORMATION_FORMAT = "dwarf-with-dsym";
				ENABLE_NS_ASSERTIONS = NO;
				ENABLE_STRICT_OBJC_MSGSEND = YES;
				GCC_C_LANGUAGE_STANDARD = gnu11;
				GCC_NO_COMMON_BLOCKS = YES;
				GCC_WARN_64_TO_32_BIT_CONVERSION = YES;
				GCC_WARN_ABOUT_RETURN_TYPE = YES_ERROR;
				GCC_WARN_UNDECLARED_SELECTOR = YES;
				GCC_WARN_UNINITIALIZED_AUTOS = YES_AGGRESSIVE;
				GCC_WARN_UNUSED_FUNCTION = YES;
				GCC_WARN_UNUSED_VARIABLE = YES;
				IPHONEOS_DEPLOYMENT_TARGET = 13.6;
				MTL_ENABLE_DEBUG_INFO = NO;
				MTL_FAST_MATH = YES;
				SDKROOT = iphoneos;
				SWIFT_COMPILATION_MODE = wholemodule;
				SWIFT_OPTIMIZATION_LEVEL = "-O";
				VALIDATE_PRODUCT = YES;
			};
			name = Release;
		};
		A5D53CB425017E2C00744C35 /* Debug */ = {
			isa = XCBuildConfiguration;
			buildSettings = {
				ASSETCATALOG_COMPILER_APPICON_NAME = AppIcon;
				CODE_SIGN_STYLE = Automatic;
				DEVELOPMENT_ASSET_PATHS = "\"SwiftUIAuth/Preview Content\"";
				DEVELOPMENT_TEAM = Q67NDNPG9X;
				ENABLE_PREVIEWS = YES;
				INFOPLIST_FILE = SwiftUIAuth/Info.plist;
				LD_RUNPATH_SEARCH_PATHS = (
					"$(inherited)",
					"@executable_path/Frameworks",
				);
				PRODUCT_BUNDLE_IDENTIFIER = com.Sarkisyan.SwiftUIAuth;
				PRODUCT_NAME = "$(TARGET_NAME)";
				SWIFT_VERSION = 5.0;
				TARGETED_DEVICE_FAMILY = "1,2";
			};
			name = Debug;
		};
		A5D53CB525017E2C00744C35 /* Release */ = {
			isa = XCBuildConfiguration;
			buildSettings = {
				ASSETCATALOG_COMPILER_APPICON_NAME = AppIcon;
				CODE_SIGN_STYLE = Automatic;
				DEVELOPMENT_ASSET_PATHS = "\"SwiftUIAuth/Preview Content\"";
				DEVELOPMENT_TEAM = Q67NDNPG9X;
				ENABLE_PREVIEWS = YES;
				INFOPLIST_FILE = SwiftUIAuth/Info.plist;
				LD_RUNPATH_SEARCH_PATHS = (
					"$(inherited)",
					"@executable_path/Frameworks",
				);
				PRODUCT_BUNDLE_IDENTIFIER = com.Sarkisyan.SwiftUIAuth;
				PRODUCT_NAME = "$(TARGET_NAME)";
				SWIFT_VERSION = 5.0;
				TARGETED_DEVICE_FAMILY = "1,2";
			};
			name = Release;
		};
/* End XCBuildConfiguration section */

/* Begin XCConfigurationList section */
		A5D53C9A25017E2900744C35 /* Build configuration list for PBXProject "SwiftUIAuth" */ = {
			isa = XCConfigurationList;
			buildConfigurations = (
				A5D53CB125017E2C00744C35 /* Debug */,
				A5D53CB225017E2C00744C35 /* Release */,
			);
			defaultConfigurationIsVisible = 0;
			defaultConfigurationName = Release;
		};
		A5D53CB325017E2C00744C35 /* Build configuration list for PBXNativeTarget "SwiftUIAuth" */ = {
			isa = XCConfigurationList;
			buildConfigurations = (
				A5D53CB425017E2C00744C35 /* Debug */,
				A5D53CB525017E2C00744C35 /* Release */,
			);
			defaultConfigurationIsVisible = 0;
			defaultConfigurationName = Release;
		};
/* End XCConfigurationList section */
	};
	rootObject = A5D53C9725017E2900744C35 /* Project object */;
}
